
Microsoft Visual Studio Solution File, Format Version 12.00
# Visual Studio 2013
VisualStudioVersion = 12.0.30501.0
MinimumVisualStudioVersion = 10.0.40219.1
Project("{FAE04EC0-301F-11D3-BF4B-00C04F79EFBC}") = "PigLatin", "PigLatin\PigLatin.csproj", "{4348A4CE-363E-472A-87F2-E12B031859AA}"
EndProject
Project("{FAE04EC0-301F-11D3-BF4B-00C04F79EFBC}") = "PigLatin.Test", "PigLatin.Test\PigLatin.Test.csproj", "{1EBB600D-7E2A-4A69-9F8D-D614C0F8C0DC}"
EndProject
Global
	GlobalSection(SolutionConfigurationPlatforms) = preSolution
		Debug|Any CPU = Debug|Any CPU
		Release|Any CPU = Release|Any CPU
	EndGlobalSection
	GlobalSection(ProjectConfigurationPlatforms) = postSolution
		{4348A4CE-363E-472A-87F2-E12B031859AA}.Debug|Any CPU.ActiveCfg = Debug|Any CPU
		{4348A4CE-363E-472A-87F2-E12B031859AA}.Debug|Any CPU.Build.0 = Debug|Any CPU
		{4348A4CE-363E-472A-87F2-E12B031859AA}.Release|Any CPU.ActiveCfg = Release|Any CPU
		{4348A4CE-363E-472A-87F2-E12B031859AA}.Release|Any CPU.Build.0 = Release|Any CPU
		{1EBB600D-7E2A-4A69-9F8D-D614C0F8C0DC}.Debug|Any CPU.ActiveCfg = Debug|Any CPU
		{1EBB600D-7E2A-4A69-9F8D-D614C0F8C0DC}.Debug|Any CPU.Build.0 = Debug|Any CPU
		{1EBB600D-7E2A-4A69-9F8D-D614C0F8C0DC}.Release|Any CPU.ActiveCfg = Release|Any CPU
		{1EBB600D-7E2A-4A69-9F8D-D614C0F8C0DC}.Release|Any CPU.Build.0 = Release|Any CPU
	EndGlobalSection
	GlobalSection(SolutionProperties) = preSolution
		HideSolutionNode = FALSE
	EndGlobalSection
EndGlobal
